// !$*UTF8*$!
{
	archiveVersion = 1;
	classes = {
	};
	objectVersion = 55;
	objects = {

/* Begin PBXBuildFile section */
		BD51B46B286B59FF00D145F5 /* AddToDoViewController.swift in Sources */ = {isa = PBXBuildFile; fileRef = BD51B46A286B59FF00D145F5 /* AddToDoViewController.swift */; };
		BD51B46D286B815C00D145F5 /* CompleteToDoViewController.swift in Sources */ = {isa = PBXBuildFile; fileRef = BD51B46C286B815C00D145F5 /* CompleteToDoViewController.swift */; };
		BDA4AF08286A01E8007F5F69 /* AppDelegate.swift in Sources */ = {isa = PBXBuildFile; fileRef = BDA4AF07286A01E8007F5F69 /* AppDelegate.swift */; };
		BDA4AF0A286A01E8007F5F69 /* SceneDelegate.swift in Sources */ = {isa = PBXBuildFile; fileRef = BDA4AF09286A01E8007F5F69 /* SceneDelegate.swift */; };
		BDA4AF0F286A01E8007F5F69 /* Main.storyboard in Resources */ = {isa = PBXBuildFile; fileRef = BDA4AF0D286A01E8007F5F69 /* Main.storyboard */; };
		BDA4AF12286A01E8007F5F69 /* todoListkwk22.xcdatamodeld in Sources */ = {isa = PBXBuildFile; fileRef = BDA4AF10286A01E8007F5F69 /* todoListkwk22.xcdatamodeld */; };
		BDA4AF14286A01EA007F5F69 /* Assets.xcassets in Resources */ = {isa = PBXBuildFile; fileRef = BDA4AF13286A01EA007F5F69 /* Assets.xcassets */; };
		BDA4AF17286A01EA007F5F69 /* LaunchScreen.storyboard in Resources */ = {isa = PBXBuildFile; fileRef = BDA4AF15286A01EA007F5F69 /* LaunchScreen.storyboard */; };
		BDA4AF1F286A0478007F5F69 /* ToDoListTableViewController.swift in Sources */ = {isa = PBXBuildFile; fileRef = BDA4AF1E286A0477007F5F69 /* ToDoListTableViewController.swift */; };
		BDA4AF21286A52F7007F5F69 /* ToDo.swift in Sources */ = {isa = PBXBuildFile; fileRef = BDA4AF20286A52F7007F5F69 /* ToDo.swift */; };
/* End PBXBuildFile section */

/* Begin PBXFileReference section */
		BD51B46A286B59FF00D145F5 /* AddToDoViewController.swift */ = {isa = PBXFileReference; lastKnownFileType = sourcecode.swift; path = AddToDoViewController.swift; sourceTree = "<group>"; };
		BD51B46C286B815C00D145F5 /* CompleteToDoViewController.swift */ = {isa = PBXFileReference; lastKnownFileType = sourcecode.swift; path = CompleteToDoViewController.swift; sourceTree = "<group>"; };
		BDA4AF04286A01E8007F5F69 /* todoListkwk22.app */ = {isa = PBXFileReference; explicitFileType = wrapper.application; includeInIndex = 0; path = todoListkwk22.app; sourceTree = BUILT_PRODUCTS_DIR; };
		BDA4AF07286A01E8007F5F69 /* AppDelegate.swift */ = {isa = PBXFileReference; lastKnownFileType = sourcecode.swift; path = AppDelegate.swift; sourceTree = "<group>"; };
		BDA4AF09286A01E8007F5F69 /* SceneDelegate.swift */ = {isa = PBXFileReference; lastKnownFileType = sourcecode.swift; path = SceneDelegate.swift; sourceTree = "<group>"; };
		BDA4AF0E286A01E8007F5F69 /* Base */ = {isa = PBXFileReference; lastKnownFileType = file.storyboard; name = Base; path = Base.lproj/Main.storyboard; sourceTree = "<group>"; };
		BDA4AF11286A01E8007F5F69 /* todoListkwk22.xcdatamodel */ = {isa = PBXFileReference; lastKnownFileType = wrapper.xcdatamodel; path = todoListkwk22.xcdatamodel; sourceTree = "<group>"; };
		BDA4AF13286A01EA007F5F69 /* Assets.xcassets */ = {isa = PBXFileReference; lastKnownFileType = folder.assetcatalog; path = Assets.xcassets; sourceTree = "<group>"; };
		BDA4AF16286A01EA007F5F69 /* Base */ = {isa = PBXFileReference; lastKnownFileType = file.storyboard; name = Base; path = Base.lproj/LaunchScreen.storyboard; sourceTree = "<group>"; };
		BDA4AF18286A01EA007F5F69 /* Info.plist */ = {isa = PBXFileReference; lastKnownFileType = text.plist.xml; path = Info.plist; sourceTree = "<group>"; };
		BDA4AF1E286A0477007F5F69 /* ToDoListTableViewController.swift */ = {isa = PBXFileReference; lastKnownFileType = sourcecode.swift; path = ToDoListTableViewController.swift; sourceTree = "<group>"; };
		BDA4AF20286A52F7007F5F69 /* ToDo.swift */ = {isa = PBXFileReference; lastKnownFileType = sourcecode.swift; path = ToDo.swift; sourceTree = "<group>"; };
/* End PBXFileReference section */

/* Begin PBXFrameworksBuildPhase section */
		BDA4AF01286A01E8007F5F69 /* Frameworks */ = {
			isa = PBXFrameworksBuildPhase;
			buildActionMask = 2147483647;
			files = (
			);
			runOnlyForDeploymentPostprocessing = 0;
		};
/* End PBXFrameworksBuildPhase section */

/* Begin PBXGroup section */
		BDA4AEFB286A01E8007F5F69 = {
			isa = PBXGroup;
			children = (
				BDA4AF06286A01E8007F5F69 /* todoListkwk22 */,
				BDA4AF05286A01E8007F5F69 /* Products */,
			);
			sourceTree = "<group>";
		};
		BDA4AF05286A01E8007F5F69 /* Products */ = {
			isa = PBXGroup;
			children = (
				BDA4AF04286A01E8007F5F69 /* todoListkwk22.app */,
			);
			name = Products;
			sourceTree = "<group>";
		};
		BDA4AF06286A01E8007F5F69 /* todoListkwk22 */ = {
			isa = PBXGroup;
			children = (
				BDA4AF07286A01E8007F5F69 /* AppDelegate.swift */,
				BDA4AF09286A01E8007F5F69 /* SceneDelegate.swift */,
				BDA4AF20286A52F7007F5F69 /* ToDo.swift */,
				BDA4AF1E286A0477007F5F69 /* ToDoListTableViewController.swift */,
				BD51B46A286B59FF00D145F5 /* AddToDoViewController.swift */,
				BD51B46C286B815C00D145F5 /* CompleteToDoViewController.swift */,
				BDA4AF0D286A01E8007F5F69 /* Main.storyboard */,
				BDA4AF13286A01EA007F5F69 /* Assets.xcassets */,
				BDA4AF15286A01EA007F5F69 /* LaunchScreen.storyboard */,
				BDA4AF18286A01EA007F5F69 /* Info.plist */,
				BDA4AF10286A01E8007F5F69 /* todoListkwk22.xcdatamodeld */,
			);
			path = todoListkwk22;
			sourceTree = "<group>";
		};
/* End PBXGroup section */

/* Begin PBXNativeTarget section */
		BDA4AF03286A01E8007F5F69 /* todoListkwk22 */ = {
			isa = PBXNativeTarget;
			buildConfigurationList = BDA4AF1B286A01EA007F5F69 /* Build configuration list for PBXNativeTarget "todoListkwk22" */;
			buildPhases = (
				BDA4AF00286A01E8007F5F69 /* Sources */,
				BDA4AF01286A01E8007F5F69 /* Frameworks */,
				BDA4AF02286A01E8007F5F69 /* Resources */,
			);
			buildRules = (
			);
			dependencies = (
			);
			name = todoListkwk22;
			productName = todoListkwk22;
			productReference = BDA4AF04286A01E8007F5F69 /* todoListkwk22.app */;
			productType = "com.apple.product-type.application";
		};
/* End PBXNativeTarget section */

/* Begin PBXProject section */
		BDA4AEFC286A01E8007F5F69 /* Project object */ = {
			isa = PBXProject;
			attributes = {
				BuildIndependentTargetsInParallel = 1;
				LastSwiftUpdateCheck = 1340;
				LastUpgradeCheck = 1340;
				TargetAttributes = {
					BDA4AF03286A01E8007F5F69 = {
						CreatedOnToolsVersion = 13.4.1;
					};
				};
			};
			buildConfigurationList = BDA4AEFF286A01E8007F5F69 /* Build configuration list for PBXProject "todoListkwk22" */;
			compatibilityVersion = "Xcode 13.0";
			developmentRegion = en;
			hasScannedForEncodings = 0;
			knownRegions = (
				en,
				Base,
			);
			mainGroup = BDA4AEFB286A01E8007F5F69;
			productRefGroup = BDA4AF05286A01E8007F5F69 /* Products */;
			projectDirPath = "";
			projectRoot = "";
			targets = (
				BDA4AF03286A01E8007F5F69 /* todoListkwk22 */,
			);
		};
/* End PBXProject section */

/* Begin PBXResourcesBuildPhase section */
		BDA4AF02286A01E8007F5F69 /* Resources */ = {
			isa = PBXResourcesBuildPhase;
			buildActionMask = 2147483647;
			files = (
				BDA4AF17286A01EA007F5F69 /* LaunchScreen.storyboard in Resources */,
				BDA4AF14286A01EA007F5F69 /* Assets.xcassets in Resources */,
				BDA4AF0F286A01E8007F5F69 /* Main.storyboard in Resources */,
			);
			runOnlyForDeploymentPostprocessing = 0;
		};
/* End PBXResourcesBuildPhase section */

/* Begin PBXSourcesBuildPhase section */
		BDA4AF00286A01E8007F5F69 /* Sources */ = {
			isa = PBXSourcesBuildPhase;
			buildActionMask = 2147483647;
			files = (
				BDA4AF12286A01E8007F5F69 /* todoListkwk22.xcdatamodeld in Sources */,
				BDA4AF21286A52F7007F5F69 /* ToDo.swift in Sources */,
				BDA4AF08286A01E8007F5F69 /* AppDelegate.swift in Sources */,
				BD51B46D286B815C00D145F5 /* CompleteToDoViewController.swift in Sources */,
				BDA4AF0A286A01E8007F5F69 /* SceneDelegate.swift in Sources */,
				BD51B46B286B59FF00D145F5 /* AddToDoViewController.swift in Sources */,
				BDA4AF1F286A0478007F5F69 /* ToDoListTableViewController.swift in Sources */,
			);
			runOnlyForDeploymentPostprocessing = 0;
		};
/* End PBXSourcesBuildPhase section */

/* Begin PBXVariantGroup section */
		BDA4AF0D286A01E8007F5F69 /* Main.storyboard */ = {
			isa = PBXVariantGroup;
			children = (
				BDA4AF0E286A01E8007F5F69 /* Base */,
			);
			name = Main.storyboard;
			sourceTree = "<group>";
		};
		BDA4AF15286A01EA007F5F69 /* LaunchScreen.storyboard */ = {
			isa = PBXVariantGroup;
			children = (
				BDA4AF16286A01EA007F5F69 /* Base */,
			);
			name = LaunchScreen.storyboard;
			sourceTree = "<group>";
		};
/* End PBXVariantGroup section */

/* Begin XCBuildConfiguration section */
		BDA4AF19286A01EA007F5F69 /* Debug */ = {
			isa = XCBuildConfiguration;
			buildSettings = {
				ALWAYS_SEARCH_USER_PATHS = NO;
				CLANG_ANALYZER_NONNULL = YES;
				CLANG_ANALYZER_NUMBER_OBJECT_CONVERSION = YES_AGGRESSIVE;
				CLANG_CXX_LANGUAGE_STANDARD = "gnu++17";
				CLANG_ENABLE_MODULES = YES;
				CLANG_ENABLE_OBJC_ARC = YES;
				CLANG_ENABLE_OBJC_WEAK = YES;
				CLANG_WARN_BLOCK_CAPTURE_AUTORELEASING = YES;
				CLANG_WARN_BOOL_CONVERSION = YES;
				CLANG_WARN_COMMA = YES;
				CLANG_WARN_CONSTANT_CONVERSION = YES;
				CLANG_WARN_DEPRECATED_OBJC_IMPLEMENTATIONS = YES;
				CLANG_WARN_DIRECT_OBJC_ISA_USAGE = YES_ERROR;
				CLANG_WARN_DOCUMENTATION_COMMENTS = YES;
				CLANG_WARN_EMPTY_BODY = YES;
				CLANG_WARN_ENUM_CONVERSION = YES;
				CLANG_WARN_INFINITE_RECURSION = YES;
				CLANG_WARN_INT_CONVERSION = YES;
				CLANG_WARN_NON_LITERAL_NULL_CONVERSION = YES;
				CLANG_WARN_OBJC_IMPLICIT_RETAIN_SELF = YES;
				CLANG_WARN_OBJC_LITERAL_CONVERSION = YES;
				CLANG_WARN_OBJC_ROOT_CLASS = YES_ERROR;
				CLANG_WARN_QUOTED_INCLUDE_IN_FRAMEWORK_HEADER = YES;
				CLANG_WARN_RANGE_LOOP_ANALYSIS = YES;
				CLANG_WARN_STRICT_PROTOTYPES = YES;
				CLANG_WARN_SUSPICIOUS_MOVE = YES;
				CLANG_WARN_UNGUARDED_AVAILABILITY = YES_AGGRESSIVE;
				CLANG_WARN_UNREACHABLE_CODE = YES;
				CLANG_WARN__DUPLICATE_METHOD_MATCH = YES;
				COPY_PHASE_STRIP = NO;
				DEBUG_INFORMATION_FORMAT = dwarf;
				ENABLE_STRICT_OBJC_MSGSEND = YES;
				ENABLE_TESTABILITY = YES;
				GCC_C_LANGUAGE_STANDARD = gnu11;
				GCC_DYNAMIC_NO_PIC = NO;
				GCC_NO_COMMON_BLOCKS = YES;
				GCC_OPTIMIZATION_LEVEL = 0;
				GCC_PREPROCESSOR_DEFINITIONS = (
					"DEBUG=1",
					"$(inherited)",
				);
				GCC_WARN_64_TO_32_BIT_CONVERSION = YES;
				GCC_WARN_ABOUT_RETURN_TYPE = YES_ERROR;
				GCC_WARN_UNDECLARED_SELECTOR = YES;
				GCC_WARN_UNINITIALIZED_AUTOS = YES_AGGRESSIVE;
				GCC_WARN_UNUSED_FUNCTION = YES;
				GCC_WARN_UNUSED_VARIABLE = YES;
				IPHONEOS_DEPLOYMENT_TARGET = 15.5;
				MTL_ENABLE_DEBUG_INFO = INCLUDE_SOURCE;
				MTL_FAST_MATH = YES;
				ONLY_ACTIVE_ARCH = YES;
				SDKROOT = iphoneos;
				SWIFT_ACTIVE_COMPILATION_CONDITIONS = DEBUG;
				SWIFT_OPTIMIZATION_LEVEL = "-Onone";
			};
			name = Debug;
		};
		BDA4AF1A286A01EA007F5F69 /* Release */ = {
			isa = XCBuildConfiguration;
			buildSettings = {
				ALWAYS_SEARCH_USER_PATHS = NO;
				CLANG_ANALYZER_NONNULL = YES;
				CLANG_ANALYZER_NUMBER_OBJECT_CONVERSION = YES_AGGRESSIVE;
				CLANG_CXX_LANGUAGE_STANDARD = "gnu++17";
				CLANG_ENABLE_MODULES = YES;
				CLANG_ENABLE_OBJC_ARC = YES;
				CLANG_ENABLE_OBJC_WEAK = YES;
				CLANG_WARN_BLOCK_CAPTURE_AUTORELEASING = YES;
				CLANG_WARN_BOOL_CONVERSION = YES;
				CLANG_WARN_COMMA = YES;
				CLANG_WARN_CONSTANT_CONVERSION = YES;
				CLANG_WARN_DEPRECATED_OBJC_IMPLEMENTATIONS = YES;
				CLANG_WARN_DIRECT_OBJC_ISA_USAGE = YES_ERROR;
				CLANG_WARN_DOCUMENTATION_COMMENTS = YES;
				CLANG_WARN_EMPTY_BODY = YES;
				CLANG_WARN_ENUM_CONVERSION = YES;
				CLANG_WARN_INFINITE_RECURSION = YES;
				CLANG_WARN_INT_CONVERSION = YES;
				CLANG_WARN_NON_LITERAL_NULL_CONVERSION = YES;
				CLANG_WARN_OBJC_IMPLICIT_RETAIN_SELF = YES;
				CLANG_WARN_OBJC_LITERAL_CONVERSION = YES;
				CLANG_WARN_OBJC_ROOT_CLASS = YES_ERROR;
				CLANG_WARN_QUOTED_INCLUDE_IN_FRAMEWORK_HEADER = YES;
				CLANG_WARN_RANGE_LOOP_ANALYSIS = YES;
				CLANG_WARN_STRICT_PROTOTYPES = YES;
				CLANG_WARN_SUSPICIOUS_MOVE = YES;
				CLANG_WARN_UNGUARDED_AVAILABILITY = YES_AGGRESSIVE;
				CLANG_WARN_UNREACHABLE_CODE = YES;
				CLANG_WARN__DUPLICATE_METHOD_MATCH = YES;
				COPY_PHASE_STRIP = NO;
				DEBUG_INFORMATION_FORMAT = "dwarf-with-dsym";
				ENABLE_NS_ASSERTIONS = NO;
				ENABLE_STRICT_OBJC_MSGSEND = YES;
				GCC_C_LANGUAGE_STANDARD = gnu11;
				GCC_NO_COMMON_BLOCKS = YES;
				GCC_WARN_64_TO_32_BIT_CONVERSION = YES;
				GCC_WARN_ABOUT_RETURN_TYPE = YES_ERROR;
				GCC_WARN_UNDECLARED_SELECTOR = YES;
				GCC_WARN_UNINITIALIZED_AUTOS = YES_AGGRESSIVE;
				GCC_WARN_UNUSED_FUNCTION = YES;
				GCC_WARN_UNUSED_VARIABLE = YES;
				IPHONEOS_DEPLOYMENT_TARGET = 15.5;
				MTL_ENABLE_DEBUG_INFO = NO;
				MTL_FAST_MATH = YES;
				SDKROOT = iphoneos;
				SWIFT_COMPILATION_MODE = wholemodule;
				SWIFT_OPTIMIZATION_LEVEL = "-O";
				VALIDATE_PRODUCT = YES;
			};
			name = Release;
		};
		BDA4AF1C286A01EA007F5F69 /* Debug */ = {
			isa = XCBuildConfiguration;
			buildSettings = {
				ASSETCATALOG_COMPILER_APPICON_NAME = AppIcon;
				ASSETCATALOG_COMPILER_GLOBAL_ACCENT_COLOR_NAME = AccentColor;
				CODE_SIGN_STYLE = Automatic;
				CURRENT_PROJECT_VERSION = 1;
				GENERATE_INFOPLIST_FILE = YES;
				INFOPLIST_FILE = todoListkwk22/Info.plist;
				INFOPLIST_KEY_UIApplicationSupportsIndirectInputEvents = YES;
				INFOPLIST_KEY_UILaunchStoryboardName = LaunchScreen;
				INFOPLIST_KEY_UIMainStoryboardFile = Main;
				INFOPLIST_KEY_UISupportedInterfaceOrientations_iPad = "UIInterfaceOrientationPortrait UIInterfaceOrientationPortraitUpsideDown UIInterfaceOrientationLandscapeLeft UIInterfaceOrientationLandscapeRight";
				INFOPLIST_KEY_UISupportedInterfaceOrientations_iPhone = "UIInterfaceOrientationPortrait UIInterfaceOrientationLandscapeLeft UIInterfaceOrientationLandscapeRight";
				LD_RUNPATH_SEARCH_PATHS = (
					"$(inherited)",
					"@executable_path/Frameworks",
				);
				MARKETING_VERSION = 1.0;
				PRODUCT_BUNDLE_IDENTIFIER = KWK.todoListkwk22;
				PRODUCT_NAME = "$(TARGET_NAME)";
				SWIFT_EMIT_LOC_STRINGS = YES;
				SWIFT_VERSION = 5.0;
				TARGETED_DEVICE_FAMILY = "1,2";
			};
			name = Debug;
		};
		BDA4AF1D286A01EA007F5F69 /* Release */ = {
			isa = XCBuildConfiguration;
			buildSettings = {
				ASSETCATALOG_COMPILER_APPICON_NAME = AppIcon;
				ASSETCATALOG_COMPILER_GLOBAL_ACCENT_COLOR_NAME = AccentColor;
				CODE_SIGN_STYLE = Automatic;
				CURRENT_PROJECT_VERSION = 1;
				GENERATE_INFOPLIST_FILE = YES;
				INFOPLIST_FILE = todoListkwk22/Info.plist;
				INFOPLIST_KEY_UIApplicationSupportsIndirectInputEvents = YES;
				INFOPLIST_KEY_UILaunchStoryboardName = LaunchScreen;
				INFOPLIST_KEY_UIMainStoryboardFile = Main;
				INFOPLIST_KEY_UISupportedInterfaceOrientations_iPad = "UIInterfaceOrientationPortrait UIInterfaceOrientationPortraitUpsideDown UIInterfaceOrientationLandscapeLeft UIInterfaceOrientationLandscapeRight";
				INFOPLIST_KEY_UISupportedInterfaceOrientations_iPhone = "UIInterfaceOrientationPortrait UIInterfaceOrientationLandscapeLeft UIInterfaceOrientationLandscapeRight";
				LD_RUNPATH_SEARCH_PATHS = (
					"$(inherited)",
					"@executable_path/Frameworks",
				);
				MARKETING_VERSION = 1.0;
				PRODUCT_BUNDLE_IDENTIFIER = KWK.todoListkwk22;
				PRODUCT_NAME = "$(TARGET_NAME)";
				SWIFT_EMIT_LOC_STRINGS = YES;
				SWIFT_VERSION = 5.0;
				TARGETED_DEVICE_FAMILY = "1,2";
			};
			name = Release;
		};
/* End XCBuildConfiguration section */

/* Begin XCConfigurationList section */
		BDA4AEFF286A01E8007F5F69 /* Build configuration list for PBXProject "todoListkwk22" */ = {
			isa = XCConfigurationList;
			buildConfigurations = (
				BDA4AF19286A01EA007F5F69 /* Debug */,
				BDA4AF1A286A01EA007F5F69 /* Release */,
			);
			defaultConfigurationIsVisible = 0;
			defaultConfigurationName = Release;
		};
		BDA4AF1B286A01EA007F5F69 /* Build configuration list for PBXNativeTarget "todoListkwk22" */ = {
			isa = XCConfigurationList;
			buildConfigurations = (
				BDA4AF1C286A01EA007F5F69 /* Debug */,
				BDA4AF1D286A01EA007F5F69 /* Release */,
			);
			defaultConfigurationIsVisible = 0;
			defaultConfigurationName = Release;
		};
/* End XCConfigurationList section */

/* Begin XCVersionGroup section */
		BDA4AF10286A01E8007F5F69 /* todoListkwk22.xcdatamodeld */ = {
			isa = XCVersionGroup;
			children = (
				BDA4AF11286A01E8007F5F69 /* todoListkwk22.xcdatamodel */,
			);
			currentVersion = BDA4AF11286A01E8007F5F69 /* todoListkwk22.xcdatamodel */;
			path = todoListkwk22.xcdatamodeld;
			sourceTree = "<group>";
			versionGroupType = wrapper.xcdatamodel;
		};
/* End XCVersionGroup section */
	};
	rootObject = BDA4AEFC286A01E8007F5F69 /* Project object */;
}
